
# cargo-vet imports lock

[[audits.bytecodealliance.audits.anyhow]]
who = "Pat Hickey <phickey@fastly.com>"
criteria = "safe-to-deploy"
delta = "1.0.69 -> 1.0.71"

[[audits.bytecodealliance.audits.base64]]
who = "Pat Hickey <phickey@fastly.com>"
criteria = "safe-to-deploy"
version = "0.21.0"
notes = "This crate has no dependencies, no build.rs, and contains no unsafe code."

[[audits.bytecodealliance.audits.cfg-if]]
who = "Alex Crichton <alex@alexcrichton.com>"
criteria = "safe-to-deploy"
version = "1.0.0"
notes = "I am the author of this crate."

[[audits.bytecodealliance.audits.ed25519]]
who = "Alex Crichton <alex@alexcrichton.com>"
criteria = "safe-to-deploy"
delta = "1.4.1 -> 1.5.3"
notes = """
This diff brings in a number of minor updates of which none are related to
`unsafe` code or anything system-related like filesystems.
"""

[[audits.bytecodealliance.audits.errno]]
who = "Dan Gohman <dev@sunfishcode.online>"
criteria = "safe-to-deploy"
version = "0.3.0"
notes = "This crate uses libc and windows-sys APIs to get and set the raw OS error value."

[[audits.bytecodealliance.audits.errno]]
who = "Dan Gohman <dev@sunfishcode.online>"
criteria = "safe-to-deploy"
delta = "0.3.0 -> 0.3.1"
notes = "Just a dependency version bump and a bug fix for redox"

[[audits.bytecodealliance.audits.errno-dragonfly]]
who = "Jamey Sharp <jsharp@fastly.com>"
criteria = "safe-to-deploy"
version = "0.1.2"
notes = "This should be portable to any POSIX system and seems like it should be part of the libc crate, but at any rate it's safe as is."

[[audits.bytecodealliance.audits.heck]]
who = "Alex Crichton <alex@alexcrichton.com>"
criteria = "safe-to-deploy"
version = "0.4.0"
notes = "Contains `forbid_unsafe` and only uses `std::fmt` from the standard library. Otherwise only contains string manipulation."

[[audits.embark.audits.anyhow]]
who = "Johan Andersson <opensource@embark-studios.com>"
criteria = "safe-to-deploy"
version = "1.0.58"

[[audits.embark.audits.epaint]]
who = "Johan Andersson <opensource@embark-studios.com>"
criteria = "safe-to-deploy"
violation = "<0.20.0"
notes = "Specified crate license does not include licenses of embedded fonts if using default features or the `default_fonts` feature. Tracked in: https://github.com/emilk/egui/issues/2321"

[[audits.google.audits.fastrand]]
who = "George Burgess IV <gbiv@google.com>"
criteria = "safe-to-deploy"
version = "1.9.0"
notes = """
`does-not-implement-crypto` is certified because this crate explicitly says
that the RNG here is not cryptographically secure.
"""
aggregated-from = "https://chromium.googlesource.com/chromiumos/third_party/rust_crates/+/refs/heads/main/cargo-vet/audits.toml?format=TEXT"

[[audits.google.audits.version_check]]
who = "George Burgess IV <gbiv@google.com>"
criteria = "safe-to-deploy"
version = "0.9.4"
aggregated-from = "https://chromium.googlesource.com/chromiumos/third_party/rust_crates/+/refs/heads/main/cargo-vet/audits.toml?format=TEXT"

[[audits.isrg.audits.base64]]
who = "Tim Geoghegan <timg@letsencrypt.org>"
criteria = "safe-to-deploy"
delta = "0.21.0 -> 0.21.1"

[[audits.isrg.audits.base64]]
who = "Brandon Pitman <bran@bran.land>"
criteria = "safe-to-deploy"
delta = "0.21.1 -> 0.21.2"

[[audits.isrg.audits.block-buffer]]
who = "David Cook <dcook@divviup.org>"
criteria = "safe-to-deploy"
version = "0.9.0"

[[audits.isrg.audits.either]]
who = "David Cook <dcook@divviup.org>"
criteria = "safe-to-deploy"
version = "1.6.1"

[[audits.isrg.audits.once_cell]]
who = "Brandon Pitman <bran@bran.land>"
criteria = "safe-to-deploy"
delta = "1.17.1 -> 1.17.2"

[[audits.isrg.audits.once_cell]]
who = "David Cook <dcook@divviup.org>"
criteria = "safe-to-deploy"
delta = "1.17.2 -> 1.18.0"

[[audits.isrg.audits.opaque-debug]]
who = "David Cook <dcook@divviup.org>"
criteria = "safe-to-deploy"
version = "0.3.0"

[[audits.mozilla.audits.anyhow]]
who = "Mike Hommey <mh+mozilla@glandium.org>"
criteria = "safe-to-deploy"
delta = "1.0.57 -> 1.0.61"
aggregated-from = "https://hg.mozilla.org/mozilla-central/raw-file/tip/supply-chain/audits.toml"

[[audits.mozilla.audits.anyhow]]
who = "Bobby Holley <bobbyholley@gmail.com>"
criteria = "safe-to-deploy"
delta = "1.0.58 -> 1.0.57"
notes = "No functional differences, just CI config and docs."
aggregated-from = "https://hg.mozilla.org/mozilla-central/raw-file/tip/supply-chain/audits.toml"

[[audits.mozilla.audits.anyhow]]
who = "Mike Hommey <mh+mozilla@glandium.org>"
criteria = "safe-to-deploy"
delta = "1.0.61 -> 1.0.62"
aggregated-from = "https://hg.mozilla.org/mozilla-central/raw-file/tip/supply-chain/audits.toml"

[[audits.mozilla.audits.anyhow]]
who = "Mike Hommey <mh+mozilla@glandium.org>"
criteria = "safe-to-deploy"
delta = "1.0.62 -> 1.0.68"
aggregated-from = "https://hg.mozilla.org/mozilla-central/raw-file/tip/supply-chain/audits.toml"

[[audits.mozilla.audits.anyhow]]
who = "Mike Hommey <mh+mozilla@glandium.org>"
criteria = "safe-to-deploy"
delta = "1.0.68 -> 1.0.69"
aggregated-from = "https://hg.mozilla.org/mozilla-central/raw-file/tip/supply-chain/audits.toml"

[[audits.mozilla.audits.autocfg]]
who = "Josh Stone <jistone@redhat.com>"
criteria = "safe-to-deploy"
version = "1.1.0"
notes = "All code written or reviewed by Josh Stone."
aggregated-from = "https://hg.mozilla.org/mozilla-central/raw-file/tip/supply-chain/audits.toml"

[[audits.mozilla.audits.bytes]]
who = "Mike Hommey <mh+mozilla@glandium.org>"
criteria = "safe-to-deploy"
delta = "1.3.0 -> 1.4.0"
aggregated-from = "https://hg.mozilla.org/mozilla-central/raw-file/tip/supply-chain/audits.toml"

[[audits.mozilla.audits.either]]
who = "Mike Hommey <mh+mozilla@glandium.org>"
criteria = "safe-to-deploy"
delta = "1.6.1 -> 1.7.0"
aggregated-from = "https://hg.mozilla.org/mozilla-central/raw-file/tip/supply-chain/audits.toml"

[[audits.mozilla.audits.either]]
who = "Mike Hommey <mh+mozilla@glandium.org>"
criteria = "safe-to-deploy"
delta = "1.7.0 -> 1.8.0"
aggregated-from = "https://hg.mozilla.org/mozilla-central/raw-file/tip/supply-chain/audits.toml"

[[audits.mozilla.audits.either]]
who = "Mike Hommey <mh+mozilla@glandium.org>"
criteria = "safe-to-deploy"
delta = "1.8.0 -> 1.8.1"
aggregated-from = "https://hg.mozilla.org/mozilla-central/raw-file/tip/supply-chain/audits.toml"

[[audits.mozilla.audits.hashbrown]]
who = "Mike Hommey <mh+mozilla@glandium.org>"
criteria = "safe-to-deploy"
version = "0.12.3"
notes = "This version is used in rust's libstd, so effectively we're already trusting it"
aggregated-from = "https://hg.mozilla.org/mozilla-central/raw-file/tip/supply-chain/audits.toml"

[[audits.mozilla.audits.heck]]
who = "Mike Hommey <mh+mozilla@glandium.org>"
criteria = "safe-to-deploy"
delta = "0.4.0 -> 0.4.1"
aggregated-from = "https://hg.mozilla.org/mozilla-central/raw-file/tip/supply-chain/audits.toml"

[[audits.mozilla.audits.lazy_static]]
who = "Nika Layzell <nika@thelayzells.com>"
criteria = "safe-to-deploy"
version = "1.4.0"
notes = "I have read over the macros, and audited the unsafe code."
aggregated-from = "https://raw.githubusercontent.com/mozilla/cargo-vet/main/supply-chain/audits.toml"

[[audits.mozilla.audits.once_cell]]
who = "Mike Hommey <mh+mozilla@glandium.org>"
criteria = "safe-to-deploy"
delta = "1.16.0 -> 1.17.1"
aggregated-from = "https://hg.mozilla.org/mozilla-central/raw-file/tip/supply-chain/audits.toml"

[[audits.mozilla.audits.subtle]]
who = "Simon Friedberger <simon@mozilla.com>"
criteria = "safe-to-deploy"
version = "2.5.0"
notes = "The goal is to provide some constant-time correctness for cryptographic implementations. The approach is reasonable, it is known to be insufficient but this is pointed out in the documentation."
aggregated-from = "https://hg.mozilla.org/mozilla-central/raw-file/tip/supply-chain/audits.toml"

[[audits.mozilla.audits.typenum]]
who = "Mike Hommey <mh+mozilla@glandium.org>"
criteria = "safe-to-deploy"
delta = "1.15.0 -> 1.16.0"
aggregated-from = "https://hg.mozilla.org/mozilla-central/raw-file/tip/supply-chain/audits.toml"
